
Microsoft Visual Studio Solution File, Format Version 12.00
# Visual Studio Version 17
VisualStudioVersion = 17.14.36408.4
MinimumVisualStudioVersion = 10.0.40219.1
Project("{FAE04EC0-301F-11D3-BF4B-00C04F79EFBC}") = "min_el", "min_el\min_el.csproj", "{375E8CBA-F47B-41F1-8DA1-D7F38A2765E9}"
EndProject
Project("{FAE04EC0-301F-11D3-BF4B-00C04F79EFBC}") = "TransportProblems", "TransportProblems\TransportProblems.csproj", "{8C57D2B4-D88F-48B0-B4C2-2579D83D1E4A}"
EndProject
Project("{FAE04EC0-301F-11D3-BF4B-00C04F79EFBC}") = "TestProject1", "TestProject1\TestProject1.csproj", "{AD9201D4-BB65-4B37-8374-113DE861CC21}"
EndProject
Global
	GlobalSection(SolutionConfigurationPlatforms) = preSolution
		Debug|Any CPU = Debug|Any CPU
		Release|Any CPU = Release|Any CPU
	EndGlobalSection
	GlobalSection(ProjectConfigurationPlatforms) = postSolution
		{375E8CBA-F47B-41F1-8DA1-D7F38A2765E9}.Debug|Any CPU.ActiveCfg = Debug|Any CPU
		{375E8CBA-F47B-41F1-8DA1-D7F38A2765E9}.Debug|Any CPU.Build.0 = Debug|Any CPU
		{375E8CBA-F47B-41F1-8DA1-D7F38A2765E9}.Release|Any CPU.ActiveCfg = Release|Any CPU
		{375E8CBA-F47B-41F1-8DA1-D7F38A2765E9}.Release|Any CPU.Build.0 = Release|Any CPU
		{8C57D2B4-D88F-48B0-B4C2-2579D83D1E4A}.Debug|Any CPU.ActiveCfg = Debug|Any CPU
		{8C57D2B4-D88F-48B0-B4C2-2579D83D1E4A}.Debug|Any CPU.Build.0 = Debug|Any CPU
		{8C57D2B4-D88F-48B0-B4C2-2579D83D1E4A}.Release|Any CPU.ActiveCfg = Release|Any CPU
		{8C57D2B4-D88F-48B0-B4C2-2579D83D1E4A}.Release|Any CPU.Build.0 = Release|Any CPU
		{AD9201D4-BB65-4B37-8374-113DE861CC21}.Debug|Any CPU.ActiveCfg = Debug|Any CPU
		{AD9201D4-BB65-4B37-8374-113DE861CC21}.Debug|Any CPU.Build.0 = Debug|Any CPU
		{AD9201D4-BB65-4B37-8374-113DE861CC21}.Release|Any CPU.ActiveCfg = Release|Any CPU
		{AD9201D4-BB65-4B37-8374-113DE861CC21}.Release|Any CPU.Build.0 = Release|Any CPU
	EndGlobalSection
	GlobalSection(SolutionProperties) = preSolution
		HideSolutionNode = FALSE
	EndGlobalSection
	GlobalSection(ExtensibilityGlobals) = postSolution
		SolutionGuid = {E4CD67E2-D82E-4034-812D-9FBE4ED9F8E2}
	EndGlobalSection
EndGlobal
